uuid: 4f17e636-5140-4637-830c-d47ef91baea2
langcode: en
status: true
dependencies:
  module:
    - my_block_example
    - system
  theme:
    - radix
id: radix_exampleblock
theme: radix
region: content
weight: 0
provider: null
plugin: my_example_block
settings:
  id: my_example_block
  label: ExampleBlock
  label_display: visible
  provider: my_block_example
  context_mapping:
    node: '@node.node_route_context:node'
  example: 'Hello my world!!!'
visibility:
  request_path:
    id: request_path
    negate: false
    pages: /node/1
